
Microsoft Visual Studio Solution File, Format Version 12.00
# Visual Studio 15
Project("{FAE04EC0-301F-11D3-BF4B-00C04F79EFBC}") = "Assembly-CSharp", "Assembly-CSharp.csproj", "{FCB134FD-D4A6-4B27-C2ED-D3C93EA4872D}"
EndProject
Project("{FAE04EC0-301F-11D3-BF4B-00C04F79EFBC}") = "Assembly-CSharp-Editor", "Assembly-CSharp-Editor.csproj", "{3AB471FC-C83E-57D4-F7CE-5AE6B7D665D2}"
EndProject
Global
	GlobalSection(SolutionConfigurationPlatforms) = preSolution
		Debug|Any CPU = Debug|Any CPU
		Release|Any CPU = Release|Any CPU
	EndGlobalSection
	GlobalSection(ProjectConfigurationPlatforms) = postSolution
		{FCB134FD-D4A6-4B27-C2ED-D3C93EA4872D}.Debug|Any CPU.ActiveCfg = Debug|Any CPU
		{FCB134FD-D4A6-4B27-C2ED-D3C93EA4872D}.Debug|Any CPU.Build.0 = Debug|Any CPU
		{FCB134FD-D4A6-4B27-C2ED-D3C93EA4872D}.Release|Any CPU.ActiveCfg = Release|Any CPU
		{FCB134FD-D4A6-4B27-C2ED-D3C93EA4872D}.Release|Any CPU.Build.0 = Release|Any CPU
		{3AB471FC-C83E-57D4-F7CE-5AE6B7D665D2}.Debug|Any CPU.ActiveCfg = Debug|Any CPU
		{3AB471FC-C83E-57D4-F7CE-5AE6B7D665D2}.Debug|Any CPU.Build.0 = Debug|Any CPU
		{3AB471FC-C83E-57D4-F7CE-5AE6B7D665D2}.Release|Any CPU.ActiveCfg = Release|Any CPU
		{3AB471FC-C83E-57D4-F7CE-5AE6B7D665D2}.Release|Any CPU.Build.0 = Release|Any CPU
	EndGlobalSection
	GlobalSection(SolutionProperties) = preSolution
		HideSolutionNode = FALSE
	EndGlobalSection
EndGlobal
